schema: '2.0'
stages:
  train:
    cmd: python3 src/train.py experiment=dogbreed_ex +trainer.log_every_n_steps=1
    deps:
    - path: configs/experiment/bird_classifier_ex.yaml
      hash: md5
      md5: e486634bedc99a260612d8b149356d15
      size: 912
    - path: configs/experiment/dogbreed_ex.yaml
      hash: md5
      md5: b39abbbb42e1df38204dbbf7c23776ec
      size: 892
    - path: data
      hash: md5
      md5: 2edccd77746ff73a19db055c14aa19c7.dir
      size: 64548146
      nfiles: 1560
    - path: src/train.py
      hash: md5
      md5: df41b302d3a30315a1724a4390efab49
      size: 6740
    outs:
    - path: logs
      hash: md5
      md5: 3df680637f7a1393186a5769c6c27b18.dir
      size: 16833
      nfiles: 10
  evaluation:
    cmd: python3 src/eval.py data=dogbreed evaluation=dogbreed_eval
    deps:
    - path: configs/data/birddata.yaml
      hash: md5
      md5: 55e500c6e4d28fda08d8aba1974131b3
      size: 289
    - path: configs/data/dogbreed.yaml
      hash: md5
      md5: ca6b0f4b492678cdad7632126ab02f86
      size: 287
    - path: configs/evaluation/bird_eval.yaml
      hash: md5
      md5: 22524ed4a8d9e55b7bba8e27f3fbbeee
      size: 245
    - path: configs/evaluation/dogbreed_eval.yaml
      hash: md5
      md5: 6d44773c6a41a03b625698f924b86162
      size: 249
    - path: data
      hash: md5
      md5: 2edccd77746ff73a19db055c14aa19c7.dir
      size: 64548146
      nfiles: 1560
    - path: src/eval.py
      hash: md5
      md5: 8d1609f5ed339b6b7ecf9b8cf0c71cc9
      size: 2513
    outs:
    - path: evaluations
      hash: md5
      md5: 6bb723e2b934f84c709638e992f9898f.dir
      size: 114
      nfiles: 1
  inference:
    cmd: python3 src/infer.py data=dogbreed inference=dogbreed_infer
    deps:
    - path: configs/data/birddata.yaml
      hash: md5
      md5: 55e500c6e4d28fda08d8aba1974131b3
      size: 289
    - path: configs/data/dogbreed.yaml
      hash: md5
      md5: ca6b0f4b492678cdad7632126ab02f86
      size: 287
    - path: configs/inference/bird_infer.yaml
      hash: md5
      md5: 519885bf313acc09a4769db4dd502320
      size: 269
    - path: configs/inference/dogbreed_infer.yaml
      hash: md5
      md5: 666f83a2e7b120779e714019626d998f
      size: 230
    - path: data
      hash: md5
      md5: 2edccd77746ff73a19db055c14aa19c7.dir
      size: 64548146
      nfiles: 1560
    - path: src/infer.py
      hash: md5
      md5: 68c1f05616c2a5cca5ddfbebfe65af60
      size: 3457
    outs:
    - path: predictions
      hash: md5
      md5: bc4c5ef62219d0be8c834cd3dc7d4683.dir
      size: 705627
      nfiles: 10
